https://github.com/macro187/macro-sharp.git master 0e2e24b24b436bc0a4eef216c8ba616cc33d84e7
https://github.com/macro187/macro-sharp-console.git master 57bec397401b911ea51e3198d4627febf11b11ac
https://github.com/macro187/macro-sharp-git.git master 0b47149dc7775905b92b2e9f3fdddc38d5950807
https://github.com/macro187/macro-sharp-sln.git master e6341a43e0c34908feb0a44c70378c877a1e613d
